// !$*UTF8*$!
{
	archiveVersion = 1;
	classes = {
	};
	objectVersion = 46;
	objects = {

/* Begin PBXBuildFile section */
		66FD68AE19801AD5009A3AF9 /* Foundation.framework in Frameworks */ = {isa = PBXBuildFile; fileRef = 66FD68AD19801AD5009A3AF9 /* Foundation.framework */; };
		66FD68B019801AD5009A3AF9 /* CoreGraphics.framework in Frameworks */ = {isa = PBXBuildFile; fileRef = 66FD68AF19801AD5009A3AF9 /* CoreGraphics.framework */; };
		66FD68B219801AD5009A3AF9 /* UIKit.framework in Frameworks */ = {isa = PBXBuildFile; fileRef = 66FD68B119801AD5009A3AF9 /* UIKit.framework */; };
		66FD68B819801AD5009A3AF9 /* InfoPlist.strings in Resources */ = {isa = PBXBuildFile; fileRef = 66FD68B619801AD5009A3AF9 /* InfoPlist.strings */; };
		66FD68BA19801AD5009A3AF9 /* main.m in Sources */ = {isa = PBXBuildFile; fileRef = 66FD68B919801AD5009A3AF9 /* main.m */; };
		66FD68BE19801AD5009A3AF9 /* AL2AppDelegate.m in Sources */ = {isa = PBXBuildFile; fileRef = 66FD68BD19801AD5009A3AF9 /* AL2AppDelegate.m */; };
		66FD68C119801AD5009A3AF9 /* Main_iPhone.storyboard in Resources */ = {isa = PBXBuildFile; fileRef = 66FD68BF19801AD5009A3AF9 /* Main_iPhone.storyboard */; };
		66FD68C419801AD5009A3AF9 /* Main_iPad.storyboard in Resources */ = {isa = PBXBuildFile; fileRef = 66FD68C219801AD5009A3AF9 /* Main_iPad.storyboard */; };
		66FD68C719801AD5009A3AF9 /* AL2ViewController.m in Sources */ = {isa = PBXBuildFile; fileRef = 66FD68C619801AD5009A3AF9 /* AL2ViewController.m */; };
		66FD68C919801AD5009A3AF9 /* Images.xcassets in Resources */ = {isa = PBXBuildFile; fileRef = 66FD68C819801AD5009A3AF9 /* Images.xcassets */; };
		66FD68D019801AD5009A3AF9 /* XCTest.framework in Frameworks */ = {isa = PBXBuildFile; fileRef = 66FD68CF19801AD5009A3AF9 /* XCTest.framework */; };
		66FD68D119801AD5009A3AF9 /* Foundation.framework in Frameworks */ = {isa = PBXBuildFile; fileRef = 66FD68AD19801AD5009A3AF9 /* Foundation.framework */; };
		66FD68D219801AD5009A3AF9 /* UIKit.framework in Frameworks */ = {isa = PBXBuildFile; fileRef = 66FD68B119801AD5009A3AF9 /* UIKit.framework */; };
		66FD68DA19801AD5009A3AF9 /* InfoPlist.strings in Resources */ = {isa = PBXBuildFile; fileRef = 66FD68D819801AD5009A3AF9 /* InfoPlist.strings */; };
		66FD68DC19801AD5009A3AF9 /* AutoLayout_2_0Tests.m in Sources */ = {isa = PBXBuildFile; fileRef = 66FD68DB19801AD5009A3AF9 /* AutoLayout_2_0Tests.m */; };
		66FD68E719801B30009A3AF9 /* AL2LinearLayoutView.m in Sources */ = {isa = PBXBuildFile; fileRef = 66FD68E619801B30009A3AF9 /* AL2LinearLayoutView.m */; };
		66FD68EA19801B45009A3AF9 /* AL2RelativeLayoutView.m in Sources */ = {isa = PBXBuildFile; fileRef = 66FD68E919801B45009A3AF9 /* AL2RelativeLayoutView.m */; };
		66FD68ED19801B6D009A3AF9 /* UIView+AL2.m in Sources */ = {isa = PBXBuildFile; fileRef = 66FD68EC19801B6D009A3AF9 /* UIView+AL2.m */; };
		66FD68F61980291E009A3AF9 /* UIButton+AL2.m in Sources */ = {isa = PBXBuildFile; fileRef = 66FD68F51980291E009A3AF9 /* UIButton+AL2.m */; };
		66FD68F919802929009A3AF9 /* UILabel+AL2.m in Sources */ = {isa = PBXBuildFile; fileRef = 66FD68F819802929009A3AF9 /* UILabel+AL2.m */; };
		66FD68FC19802937009A3AF9 /* UIImageView+AL2.m in Sources */ = {isa = PBXBuildFile; fileRef = 66FD68FB19802937009A3AF9 /* UIImageView+AL2.m */; };
		66FD6900198032F1009A3AF9 /* AL2LayoutView.m in Sources */ = {isa = PBXBuildFile; fileRef = 66FD68FF198032F1009A3AF9 /* AL2LayoutView.m */; };
		66FD6903198088F3009A3AF9 /* AL2Utils.m in Sources */ = {isa = PBXBuildFile; fileRef = 66FD6902198088F3009A3AF9 /* AL2Utils.m */; };
		66FD690619808B7D009A3AF9 /* AL2LayoutParams.m in Sources */ = {isa = PBXBuildFile; fileRef = 66FD690519808B7D009A3AF9 /* AL2LayoutParams.m */; };
		66FD69091981A66C009A3AF9 /* AL2TableViewController.m in Sources */ = {isa = PBXBuildFile; fileRef = 66FD69081981A66C009A3AF9 /* AL2TableViewController.m */; };
		66FD690C1981A76B009A3AF9 /* AL2SampleTableViewCell.m in Sources */ = {isa = PBXBuildFile; fileRef = 66FD690B1981A76B009A3AF9 /* AL2SampleTableViewCell.m */; };
		66FD690F1981AB6C009A3AF9 /* UITableViewCell+AL2.m in Sources */ = {isa = PBXBuildFile; fileRef = 66FD690E1981AB6C009A3AF9 /* UITableViewCell+AL2.m */; };
/* End PBXBuildFile section */

/* Begin PBXContainerItemProxy section */
		66FD68D319801AD5009A3AF9 /* PBXContainerItemProxy */ = {
			isa = PBXContainerItemProxy;
			containerPortal = 66FD68A219801AD5009A3AF9 /* Project object */;
			proxyType = 1;
			remoteGlobalIDString = 66FD68A919801AD5009A3AF9;
			remoteInfo = "AutoLayout 2.0";
		};
/* End PBXContainerItemProxy section */

/* Begin PBXFileReference section */
		66FD68AA19801AD5009A3AF9 /* AutoLayout 2.0.app */ = {isa = PBXFileReference; explicitFileType = wrapper.application; includeInIndex = 0; path = "AutoLayout 2.0.app"; sourceTree = BUILT_PRODUCTS_DIR; };
		66FD68AD19801AD5009A3AF9 /* Foundation.framework */ = {isa = PBXFileReference; lastKnownFileType = wrapper.framework; name = Foundation.framework; path = System/Library/Frameworks/Foundation.framework; sourceTree = SDKROOT; };
		66FD68AF19801AD5009A3AF9 /* CoreGraphics.framework */ = {isa = PBXFileReference; lastKnownFileType = wrapper.framework; name = CoreGraphics.framework; path = System/Library/Frameworks/CoreGraphics.framework; sourceTree = SDKROOT; };
		66FD68B119801AD5009A3AF9 /* UIKit.framework */ = {isa = PBXFileReference; lastKnownFileType = wrapper.framework; name = UIKit.framework; path = System/Library/Frameworks/UIKit.framework; sourceTree = SDKROOT; };
		66FD68B519801AD5009A3AF9 /* AutoLayout 2.0-Info.plist */ = {isa = PBXFileReference; lastKnownFileType = text.plist.xml; path = "AutoLayout 2.0-Info.plist"; sourceTree = "<group>"; };
		66FD68B719801AD5009A3AF9 /* en */ = {isa = PBXFileReference; lastKnownFileType = text.plist.strings; name = en; path = en.lproj/InfoPlist.strings; sourceTree = "<group>"; };
		66FD68B919801AD5009A3AF9 /* main.m */ = {isa = PBXFileReference; lastKnownFileType = sourcecode.c.objc; path = main.m; sourceTree = "<group>"; };
		66FD68BB19801AD5009A3AF9 /* AutoLayout 2.0-Prefix.pch */ = {isa = PBXFileReference; lastKnownFileType = sourcecode.c.h; path = "AutoLayout 2.0-Prefix.pch"; sourceTree = "<group>"; };
		66FD68BC19801AD5009A3AF9 /* AL2AppDelegate.h */ = {isa = PBXFileReference; lastKnownFileType = sourcecode.c.h; path = AL2AppDelegate.h; sourceTree = "<group>"; };
		66FD68BD19801AD5009A3AF9 /* AL2AppDelegate.m */ = {isa = PBXFileReference; lastKnownFileType = sourcecode.c.objc; path = AL2AppDelegate.m; sourceTree = "<group>"; };
		66FD68C019801AD5009A3AF9 /* Base */ = {isa = PBXFileReference; lastKnownFileType = file.storyboard; name = Base; path = Base.lproj/Main_iPhone.storyboard; sourceTree = "<group>"; };
		66FD68C319801AD5009A3AF9 /* Base */ = {isa = PBXFileReference; lastKnownFileType = file.storyboard; name = Base; path = Base.lproj/Main_iPad.storyboard; sourceTree = "<group>"; };
		66FD68C519801AD5009A3AF9 /* AL2ViewController.h */ = {isa = PBXFileReference; lastKnownFileType = sourcecode.c.h; path = AL2ViewController.h; sourceTree = "<group>"; };
		66FD68C619801AD5009A3AF9 /* AL2ViewController.m */ = {isa = PBXFileReference; lastKnownFileType = sourcecode.c.objc; path = AL2ViewController.m; sourceTree = "<group>"; };
		66FD68C819801AD5009A3AF9 /* Images.xcassets */ = {isa = PBXFileReference; lastKnownFileType = folder.assetcatalog; path = Images.xcassets; sourceTree = "<group>"; };
		66FD68CE19801AD5009A3AF9 /* AutoLayout 2.0Tests.xctest */ = {isa = PBXFileReference; explicitFileType = wrapper.cfbundle; includeInIndex = 0; path = "AutoLayout 2.0Tests.xctest"; sourceTree = BUILT_PRODUCTS_DIR; };
		66FD68CF19801AD5009A3AF9 /* XCTest.framework */ = {isa = PBXFileReference; lastKnownFileType = wrapper.framework; name = XCTest.framework; path = Library/Frameworks/XCTest.framework; sourceTree = DEVELOPER_DIR; };
		66FD68D719801AD5009A3AF9 /* AutoLayout 2.0Tests-Info.plist */ = {isa = PBXFileReference; lastKnownFileType = text.plist.xml; path = "AutoLayout 2.0Tests-Info.plist"; sourceTree = "<group>"; };
		66FD68D919801AD5009A3AF9 /* en */ = {isa = PBXFileReference; lastKnownFileType = text.plist.strings; name = en; path = en.lproj/InfoPlist.strings; sourceTree = "<group>"; };
		66FD68DB19801AD5009A3AF9 /* AutoLayout_2_0Tests.m */ = {isa = PBXFileReference; lastKnownFileType = sourcecode.c.objc; path = AutoLayout_2_0Tests.m; sourceTree = "<group>"; };
		66FD68E519801B30009A3AF9 /* AL2LinearLayoutView.h */ = {isa = PBXFileReference; fileEncoding = 4; lastKnownFileType = sourcecode.c.h; path = AL2LinearLayoutView.h; sourceTree = "<group>"; };
		66FD68E619801B30009A3AF9 /* AL2LinearLayoutView.m */ = {isa = PBXFileReference; fileEncoding = 4; lastKnownFileType = sourcecode.c.objc; path = AL2LinearLayoutView.m; sourceTree = "<group>"; };
		66FD68E819801B45009A3AF9 /* AL2RelativeLayoutView.h */ = {isa = PBXFileReference; fileEncoding = 4; lastKnownFileType = sourcecode.c.h; path = AL2RelativeLayoutView.h; sourceTree = "<group>"; };
		66FD68E919801B45009A3AF9 /* AL2RelativeLayoutView.m */ = {isa = PBXFileReference; fileEncoding = 4; lastKnownFileType = sourcecode.c.objc; path = AL2RelativeLayoutView.m; sourceTree = "<group>"; };
		66FD68EB19801B6D009A3AF9 /* UIView+AL2.h */ = {isa = PBXFileReference; fileEncoding = 4; lastKnownFileType = sourcecode.c.h; path = "UIView+AL2.h"; sourceTree = "<group>"; };
		66FD68EC19801B6D009A3AF9 /* UIView+AL2.m */ = {isa = PBXFileReference; fileEncoding = 4; lastKnownFileType = sourcecode.c.objc; path = "UIView+AL2.m"; sourceTree = "<group>"; };
		66FD68F41980291E009A3AF9 /* UIButton+AL2.h */ = {isa = PBXFileReference; fileEncoding = 4; lastKnownFileType = sourcecode.c.h; path = "UIButton+AL2.h"; sourceTree = "<group>"; };
		66FD68F51980291E009A3AF9 /* UIButton+AL2.m */ = {isa = PBXFileReference; fileEncoding = 4; lastKnownFileType = sourcecode.c.objc; path = "UIButton+AL2.m"; sourceTree = "<group>"; };
		66FD68F719802929009A3AF9 /* UILabel+AL2.h */ = {isa = PBXFileReference; fileEncoding = 4; lastKnownFileType = sourcecode.c.h; path = "UILabel+AL2.h"; sourceTree = "<group>"; };
		66FD68F819802929009A3AF9 /* UILabel+AL2.m */ = {isa = PBXFileReference; fileEncoding = 4; lastKnownFileType = sourcecode.c.objc; path = "UILabel+AL2.m"; sourceTree = "<group>"; };
		66FD68FA19802937009A3AF9 /* UIImageView+AL2.h */ = {isa = PBXFileReference; fileEncoding = 4; lastKnownFileType = sourcecode.c.h; path = "UIImageView+AL2.h"; sourceTree = "<group>"; };
		66FD68FB19802937009A3AF9 /* UIImageView+AL2.m */ = {isa = PBXFileReference; fileEncoding = 4; lastKnownFileType = sourcecode.c.objc; path = "UIImageView+AL2.m"; sourceTree = "<group>"; };
		66FD68FD1980294F009A3AF9 /* AutoLayout2.h */ = {isa = PBXFileReference; lastKnownFileType = sourcecode.c.h; path = AutoLayout2.h; sourceTree = "<group>"; };
		66FD68FE198032F1009A3AF9 /* AL2LayoutView.h */ = {isa = PBXFileReference; fileEncoding = 4; lastKnownFileType = sourcecode.c.h; path = AL2LayoutView.h; sourceTree = "<group>"; };
		66FD68FF198032F1009A3AF9 /* AL2LayoutView.m */ = {isa = PBXFileReference; fileEncoding = 4; lastKnownFileType = sourcecode.c.objc; path = AL2LayoutView.m; sourceTree = "<group>"; };
		66FD6901198088F3009A3AF9 /* AL2Utils.h */ = {isa = PBXFileReference; fileEncoding = 4; lastKnownFileType = sourcecode.c.h; path = AL2Utils.h; sourceTree = "<group>"; };
		66FD6902198088F3009A3AF9 /* AL2Utils.m */ = {isa = PBXFileReference; fileEncoding = 4; lastKnownFileType = sourcecode.c.objc; path = AL2Utils.m; sourceTree = "<group>"; };
		66FD690419808B7D009A3AF9 /* AL2LayoutParams.h */ = {isa = PBXFileReference; fileEncoding = 4; lastKnownFileType = sourcecode.c.h; path = AL2LayoutParams.h; sourceTree = "<group>"; };
		66FD690519808B7D009A3AF9 /* AL2LayoutParams.m */ = {isa = PBXFileReference; fileEncoding = 4; lastKnownFileType = sourcecode.c.objc; path = AL2LayoutParams.m; sourceTree = "<group>"; };
		66FD69071981A66C009A3AF9 /* AL2TableViewController.h */ = {isa = PBXFileReference; fileEncoding = 4; lastKnownFileType = sourcecode.c.h; path = AL2TableViewController.h; sourceTree = "<group>"; };
		66FD69081981A66C009A3AF9 /* AL2TableViewController.m */ = {isa = PBXFileReference; fileEncoding = 4; lastKnownFileType = sourcecode.c.objc; path = AL2TableViewController.m; sourceTree = "<group>"; };
		66FD690A1981A76B009A3AF9 /* AL2SampleTableViewCell.h */ = {isa = PBXFileReference; fileEncoding = 4; lastKnownFileType = sourcecode.c.h; path = AL2SampleTableViewCell.h; sourceTree = "<group>"; };
		66FD690B1981A76B009A3AF9 /* AL2SampleTableViewCell.m */ = {isa = PBXFileReference; fileEncoding = 4; lastKnownFileType = sourcecode.c.objc; path = AL2SampleTableViewCell.m; sourceTree = "<group>"; };
		66FD690D1981AB6C009A3AF9 /* UITableViewCell+AL2.h */ = {isa = PBXFileReference; fileEncoding = 4; lastKnownFileType = sourcecode.c.h; path = "UITableViewCell+AL2.h"; sourceTree = "<group>"; };
		66FD690E1981AB6C009A3AF9 /* UITableViewCell+AL2.m */ = {isa = PBXFileReference; fileEncoding = 4; lastKnownFileType = sourcecode.c.objc; path = "UITableViewCell+AL2.m"; sourceTree = "<group>"; };
/* End PBXFileReference section */

/* Begin PBXFrameworksBuildPhase section */
		66FD68A719801AD5009A3AF9 /* Frameworks */ = {
			isa = PBXFrameworksBuildPhase;
			buildActionMask = 2147483647;
			files = (
				66FD68B019801AD5009A3AF9 /* CoreGraphics.framework in Frameworks */,
				66FD68B219801AD5009A3AF9 /* UIKit.framework in Frameworks */,
				66FD68AE19801AD5009A3AF9 /* Foundation.framework in Frameworks */,
			);
			runOnlyForDeploymentPostprocessing = 0;
		};
		66FD68CB19801AD5009A3AF9 /* Frameworks */ = {
			isa = PBXFrameworksBuildPhase;
			buildActionMask = 2147483647;
			files = (
				66FD68D019801AD5009A3AF9 /* XCTest.framework in Frameworks */,
				66FD68D219801AD5009A3AF9 /* UIKit.framework in Frameworks */,
				66FD68D119801AD5009A3AF9 /* Foundation.framework in Frameworks */,
			);
			runOnlyForDeploymentPostprocessing = 0;
		};
/* End PBXFrameworksBuildPhase section */

/* Begin PBXGroup section */
		66FD68A119801AD5009A3AF9 = {
			isa = PBXGroup;
			children = (
				66FD68B319801AD5009A3AF9 /* AutoLayout 2.0 */,
				66FD68D519801AD5009A3AF9 /* AutoLayout 2.0Tests */,
				66FD68AC19801AD5009A3AF9 /* Frameworks */,
				66FD68AB19801AD5009A3AF9 /* Products */,
			);
			sourceTree = "<group>";
		};
		66FD68AB19801AD5009A3AF9 /* Products */ = {
			isa = PBXGroup;
			children = (
				66FD68AA19801AD5009A3AF9 /* AutoLayout 2.0.app */,
				66FD68CE19801AD5009A3AF9 /* AutoLayout 2.0Tests.xctest */,
			);
			name = Products;
			sourceTree = "<group>";
		};
		66FD68AC19801AD5009A3AF9 /* Frameworks */ = {
			isa = PBXGroup;
			children = (
				66FD68AD19801AD5009A3AF9 /* Foundation.framework */,
				66FD68AF19801AD5009A3AF9 /* CoreGraphics.framework */,
				66FD68B119801AD5009A3AF9 /* UIKit.framework */,
				66FD68CF19801AD5009A3AF9 /* XCTest.framework */,
			);
			name = Frameworks;
			sourceTree = "<group>";
		};
		66FD68B319801AD5009A3AF9 /* AutoLayout 2.0 */ = {
			isa = PBXGroup;
			children = (
				66FD68BC19801AD5009A3AF9 /* AL2AppDelegate.h */,
				66FD68BD19801AD5009A3AF9 /* AL2AppDelegate.m */,
				66FD68BF19801AD5009A3AF9 /* Main_iPhone.storyboard */,
				66FD68C219801AD5009A3AF9 /* Main_iPad.storyboard */,
				66FD68C519801AD5009A3AF9 /* AL2ViewController.h */,
				66FD68C619801AD5009A3AF9 /* AL2ViewController.m */,
				66FD69071981A66C009A3AF9 /* AL2TableViewController.h */,
				66FD69081981A66C009A3AF9 /* AL2TableViewController.m */,
				66FD690A1981A76B009A3AF9 /* AL2SampleTableViewCell.h */,
				66FD690B1981A76B009A3AF9 /* AL2SampleTableViewCell.m */,
				66FD68C819801AD5009A3AF9 /* Images.xcassets */,
				66FD68B419801AD5009A3AF9 /* Supporting Files */,
				66FD68FE198032F1009A3AF9 /* AL2LayoutView.h */,
				66FD68FF198032F1009A3AF9 /* AL2LayoutView.m */,
				66FD68E519801B30009A3AF9 /* AL2LinearLayoutView.h */,
				66FD68E619801B30009A3AF9 /* AL2LinearLayoutView.m */,
				66FD68E819801B45009A3AF9 /* AL2RelativeLayoutView.h */,
				66FD68E919801B45009A3AF9 /* AL2RelativeLayoutView.m */,
				66FD68EB19801B6D009A3AF9 /* UIView+AL2.h */,
				66FD68EC19801B6D009A3AF9 /* UIView+AL2.m */,
				66FD68F41980291E009A3AF9 /* UIButton+AL2.h */,
				66FD68F51980291E009A3AF9 /* UIButton+AL2.m */,
				66FD68F719802929009A3AF9 /* UILabel+AL2.h */,
				66FD68F819802929009A3AF9 /* UILabel+AL2.m */,
				66FD68FA19802937009A3AF9 /* UIImageView+AL2.h */,
				66FD68FB19802937009A3AF9 /* UIImageView+AL2.m */,
				66FD68FD1980294F009A3AF9 /* AutoLayout2.h */,
				66FD6901198088F3009A3AF9 /* AL2Utils.h */,
				66FD6902198088F3009A3AF9 /* AL2Utils.m */,
				66FD690419808B7D009A3AF9 /* AL2LayoutParams.h */,
				66FD690519808B7D009A3AF9 /* AL2LayoutParams.m */,
				66FD690D1981AB6C009A3AF9 /* UITableViewCell+AL2.h */,
				66FD690E1981AB6C009A3AF9 /* UITableViewCell+AL2.m */,
			);
			path = "AutoLayout 2.0";
			sourceTree = "<group>";
		};
		66FD68B419801AD5009A3AF9 /* Supporting Files */ = {
			isa = PBXGroup;
			children = (
				66FD68B519801AD5009A3AF9 /* AutoLayout 2.0-Info.plist */,
				66FD68B619801AD5009A3AF9 /* InfoPlist.strings */,
				66FD68B919801AD5009A3AF9 /* main.m */,
				66FD68BB19801AD5009A3AF9 /* AutoLayout 2.0-Prefix.pch */,
			);
			name = "Supporting Files";
			sourceTree = "<group>";
		};
		66FD68D519801AD5009A3AF9 /* AutoLayout 2.0Tests */ = {
			isa = PBXGroup;
			children = (
				66FD68DB19801AD5009A3AF9 /* AutoLayout_2_0Tests.m */,
				66FD68D619801AD5009A3AF9 /* Supporting Files */,
			);
			path = "AutoLayout 2.0Tests";
			sourceTree = "<group>";
		};
		66FD68D619801AD5009A3AF9 /* Supporting Files */ = {
			isa = PBXGroup;
			children = (
				66FD68D719801AD5009A3AF9 /* AutoLayout 2.0Tests-Info.plist */,
				66FD68D819801AD5009A3AF9 /* InfoPlist.strings */,
			);
			name = "Supporting Files";
			sourceTree = "<group>";
		};
/* End PBXGroup section */

/* Begin PBXNativeTarget section */
		66FD68A919801AD5009A3AF9 /* AutoLayout 2.0 */ = {
			isa = PBXNativeTarget;
			buildConfigurationList = 66FD68DF19801AD5009A3AF9 /* Build configuration list for PBXNativeTarget "AutoLayout 2.0" */;
			buildPhases = (
				66FD68A619801AD5009A3AF9 /* Sources */,
				66FD68A719801AD5009A3AF9 /* Frameworks */,
				66FD68A819801AD5009A3AF9 /* Resources */,
			);
			buildRules = (
			);
			dependencies = (
			);
			name = "AutoLayout 2.0";
			productName = "AutoLayout 2.0";
			productReference = 66FD68AA19801AD5009A3AF9 /* AutoLayout 2.0.app */;
			productType = "com.apple.product-type.application";
		};
		66FD68CD19801AD5009A3AF9 /* AutoLayout 2.0Tests */ = {
			isa = PBXNativeTarget;
			buildConfigurationList = 66FD68E219801AD5009A3AF9 /* Build configuration list for PBXNativeTarget "AutoLayout 2.0Tests" */;
			buildPhases = (
				66FD68CA19801AD5009A3AF9 /* Sources */,
				66FD68CB19801AD5009A3AF9 /* Frameworks */,
				66FD68CC19801AD5009A3AF9 /* Resources */,
			);
			buildRules = (
			);
			dependencies = (
				66FD68D419801AD5009A3AF9 /* PBXTargetDependency */,
			);
			name = "AutoLayout 2.0Tests";
			productName = "AutoLayout 2.0Tests";
			productReference = 66FD68CE19801AD5009A3AF9 /* AutoLayout 2.0Tests.xctest */;
			productType = "com.apple.product-type.bundle.unit-test";
		};
/* End PBXNativeTarget section */

/* Begin PBXProject section */
		66FD68A219801AD5009A3AF9 /* Project object */ = {
			isa = PBXProject;
			attributes = {
				CLASSPREFIX = AL2;
				LastUpgradeCheck = 0510;
				ORGANIZATIONNAME = "Adam Eskreis";
				TargetAttributes = {
					66FD68CD19801AD5009A3AF9 = {
						TestTargetID = 66FD68A919801AD5009A3AF9;
					};
				};
			};
			buildConfigurationList = 66FD68A519801AD5009A3AF9 /* Build configuration list for PBXProject "AutoLayout 2.0" */;
			compatibilityVersion = "Xcode 3.2";
			developmentRegion = English;
			hasScannedForEncodings = 0;
			knownRegions = (
				en,
				Base,
			);
			mainGroup = 66FD68A119801AD5009A3AF9;
			productRefGroup = 66FD68AB19801AD5009A3AF9 /* Products */;
			projectDirPath = "";
			projectRoot = "";
			targets = (
				66FD68A919801AD5009A3AF9 /* AutoLayout 2.0 */,
				66FD68CD19801AD5009A3AF9 /* AutoLayout 2.0Tests */,
			);
		};
/* End PBXProject section */

/* Begin PBXResourcesBuildPhase section */
		66FD68A819801AD5009A3AF9 /* Resources */ = {
			isa = PBXResourcesBuildPhase;
			buildActionMask = 2147483647;
			files = (
				66FD68C419801AD5009A3AF9 /* Main_iPad.storyboard in Resources */,
				66FD68C919801AD5009A3AF9 /* Images.xcassets in Resources */,
				66FD68C119801AD5009A3AF9 /* Main_iPhone.storyboard in Resources */,
				66FD68B819801AD5009A3AF9 /* InfoPlist.strings in Resources */,
			);
			runOnlyForDeploymentPostprocessing = 0;
		};
		66FD68CC19801AD5009A3AF9 /* Resources */ = {
			isa = PBXResourcesBuildPhase;
			buildActionMask = 2147483647;
			files = (
				66FD68DA19801AD5009A3AF9 /* InfoPlist.strings in Resources */,
			);
			runOnlyForDeploymentPostprocessing = 0;
		};
/* End PBXResourcesBuildPhase section */

/* Begin PBXSourcesBuildPhase section */
		66FD68A619801AD5009A3AF9 /* Sources */ = {
			isa = PBXSourcesBuildPhase;
			buildActionMask = 2147483647;
			files = (
				66FD69091981A66C009A3AF9 /* AL2TableViewController.m in Sources */,
				66FD68F61980291E009A3AF9 /* UIButton+AL2.m in Sources */,
				66FD68ED19801B6D009A3AF9 /* UIView+AL2.m in Sources */,
				66FD68C719801AD5009A3AF9 /* AL2ViewController.m in Sources */,
				66FD68BE19801AD5009A3AF9 /* AL2AppDelegate.m in Sources */,
				66FD6903198088F3009A3AF9 /* AL2Utils.m in Sources */,
				66FD690F1981AB6C009A3AF9 /* UITableViewCell+AL2.m in Sources */,
				66FD68BA19801AD5009A3AF9 /* main.m in Sources */,
				66FD68F919802929009A3AF9 /* UILabel+AL2.m in Sources */,
				66FD68EA19801B45009A3AF9 /* AL2RelativeLayoutView.m in Sources */,
				66FD690C1981A76B009A3AF9 /* AL2SampleTableViewCell.m in Sources */,
				66FD68FC19802937009A3AF9 /* UIImageView+AL2.m in Sources */,
				66FD690619808B7D009A3AF9 /* AL2LayoutParams.m in Sources */,
				66FD68E719801B30009A3AF9 /* AL2LinearLayoutView.m in Sources */,
				66FD6900198032F1009A3AF9 /* AL2LayoutView.m in Sources */,
			);
			runOnlyForDeploymentPostprocessing = 0;
		};
		66FD68CA19801AD5009A3AF9 /* Sources */ = {
			isa = PBXSourcesBuildPhase;
			buildActionMask = 2147483647;
			files = (
				66FD68DC19801AD5009A3AF9 /* AutoLayout_2_0Tests.m in Sources */,
			);
			runOnlyForDeploymentPostprocessing = 0;
		};
/* End PBXSourcesBuildPhase section */

/* Begin PBXTargetDependency section */
		66FD68D419801AD5009A3AF9 /* PBXTargetDependency */ = {
			isa = PBXTargetDependency;
			target = 66FD68A919801AD5009A3AF9 /* AutoLayout 2.0 */;
			targetProxy = 66FD68D319801AD5009A3AF9 /* PBXContainerItemProxy */;
		};
/* End PBXTargetDependency section */

/* Begin PBXVariantGroup section */
		66FD68B619801AD5009A3AF9 /* InfoPlist.strings */ = {
			isa = PBXVariantGroup;
			children = (
				66FD68B719801AD5009A3AF9 /* en */,
			);
			name = InfoPlist.strings;
			sourceTree = "<group>";
		};
		66FD68BF19801AD5009A3AF9 /* Main_iPhone.storyboard */ = {
			isa = PBXVariantGroup;
			children = (
				66FD68C019801AD5009A3AF9 /* Base */,
			);
			name = Main_iPhone.storyboard;
			sourceTree = "<group>";
		};
		66FD68C219801AD5009A3AF9 /* Main_iPad.storyboard */ = {
			isa = PBXVariantGroup;
			children = (
				66FD68C319801AD5009A3AF9 /* Base */,
			);
			name = Main_iPad.storyboard;
			sourceTree = "<group>";
		};
		66FD68D819801AD5009A3AF9 /* InfoPlist.strings */ = {
			isa = PBXVariantGroup;
			children = (
				66FD68D919801AD5009A3AF9 /* en */,
			);
			name = InfoPlist.strings;
			sourceTree = "<group>";
		};
/* End PBXVariantGroup section */

/* Begin XCBuildConfiguration section */
		66FD68DD19801AD5009A3AF9 /* Debug */ = {
			isa = XCBuildConfiguration;
			buildSettings = {
				ALWAYS_SEARCH_USER_PATHS = NO;
				CLANG_CXX_LANGUAGE_STANDARD = "gnu++0x";
				CLANG_CXX_LIBRARY = "libc++";
				CLANG_ENABLE_MODULES = YES;
				CLANG_ENABLE_OBJC_ARC = YES;
				CLANG_WARN_BOOL_CONVERSION = YES;
				CLANG_WARN_CONSTANT_CONVERSION = YES;
				CLANG_WARN_DIRECT_OBJC_ISA_USAGE = YES_ERROR;
				CLANG_WARN_EMPTY_BODY = YES;
				CLANG_WARN_ENUM_CONVERSION = YES;
				CLANG_WARN_INT_CONVERSION = YES;
				CLANG_WARN_OBJC_ROOT_CLASS = YES_ERROR;
				CLANG_WARN__DUPLICATE_METHOD_MATCH = YES;
				"CODE_SIGN_IDENTITY[sdk=iphoneos*]" = "iPhone Developer";
				COPY_PHASE_STRIP = NO;
				GCC_C_LANGUAGE_STANDARD = gnu99;
				GCC_DYNAMIC_NO_PIC = NO;
				GCC_OPTIMIZATION_LEVEL = 0;
				GCC_PREPROCESSOR_DEFINITIONS = (
					"DEBUG=1",
					"$(inherited)",
				);
				GCC_SYMBOLS_PRIVATE_EXTERN = NO;
				GCC_WARN_64_TO_32_BIT_CONVERSION = YES;
				GCC_WARN_ABOUT_RETURN_TYPE = YES_ERROR;
				GCC_WARN_UNDECLARED_SELECTOR = YES;
				GCC_WARN_UNINITIALIZED_AUTOS = YES_AGGRESSIVE;
				GCC_WARN_UNUSED_FUNCTION = YES;
				GCC_WARN_UNUSED_VARIABLE = YES;
				IPHONEOS_DEPLOYMENT_TARGET = 7.1;
				ONLY_ACTIVE_ARCH = YES;
				SDKROOT = iphoneos;
				TARGETED_DEVICE_FAMILY = "1,2";
			};
			name = Debug;
		};
		66FD68DE19801AD5009A3AF9 /* Release */ = {
			isa = XCBuildConfiguration;
			buildSettings = {
				ALWAYS_SEARCH_USER_PATHS = NO;
				CLANG_CXX_LANGUAGE_STANDARD = "gnu++0x";
				CLANG_CXX_LIBRARY = "libc++";
				CLANG_ENABLE_MODULES = YES;
				CLANG_ENABLE_OBJC_ARC = YES;
				CLANG_WARN_BOOL_CONVERSION = YES;
				CLANG_WARN_CONSTANT_CONVERSION = YES;
				CLANG_WARN_DIRECT_OBJC_ISA_USAGE = YES_ERROR;
				CLANG_WARN_EMPTY_BODY = YES;
				CLANG_WARN_ENUM_CONVERSION = YES;
				CLANG_WARN_INT_CONVERSION = YES;
				CLANG_WARN_OBJC_ROOT_CLASS = YES_ERROR;
				CLANG_WARN__DUPLICATE_METHOD_MATCH = YES;
				"CODE_SIGN_IDENTITY[sdk=iphoneos*]" = "iPhone Developer";
				COPY_PHASE_STRIP = YES;
				ENABLE_NS_ASSERTIONS = NO;
				GCC_C_LANGUAGE_STANDARD = gnu99;
				GCC_WARN_64_TO_32_BIT_CONVERSION = YES;
				GCC_WARN_ABOUT_RETURN_TYPE = YES_ERROR;
				GCC_WARN_UNDECLARED_SELECTOR = YES;
				GCC_WARN_UNINITIALIZED_AUTOS = YES_AGGRESSIVE;
				GCC_WARN_UNUSED_FUNCTION = YES;
				GCC_WARN_UNUSED_VARIABLE = YES;
				IPHONEOS_DEPLOYMENT_TARGET = 7.1;
				SDKROOT = iphoneos;
				TARGETED_DEVICE_FAMILY = "1,2";
				VALIDATE_PRODUCT = YES;
			};
			name = Release;
		};
		66FD68E019801AD5009A3AF9 /* Debug */ = {
			isa = XCBuildConfiguration;
			buildSettings = {
				ASSETCATALOG_COMPILER_APPICON_NAME = AppIcon;
				ASSETCATALOG_COMPILER_LAUNCHIMAGE_NAME = LaunchImage;
				GCC_PRECOMPILE_PREFIX_HEADER = YES;
				GCC_PREFIX_HEADER = "AutoLayout 2.0/AutoLayout 2.0-Prefix.pch";
				INFOPLIST_FILE = "AutoLayout 2.0/AutoLayout 2.0-Info.plist";
				PRODUCT_NAME = "$(TARGET_NAME)";
				WRAPPER_EXTENSION = app;
			};
			name = Debug;
		};
		66FD68E119801AD5009A3AF9 /* Release */ = {
			isa = XCBuildConfiguration;
			buildSettings = {
				ASSETCATALOG_COMPILER_APPICON_NAME = AppIcon;
				ASSETCATALOG_COMPILER_LAUNCHIMAGE_NAME = LaunchImage;
				GCC_PRECOMPILE_PREFIX_HEADER = YES;
				GCC_PREFIX_HEADER = "AutoLayout 2.0/AutoLayout 2.0-Prefix.pch";
				INFOPLIST_FILE = "AutoLayout 2.0/AutoLayout 2.0-Info.plist";
				PRODUCT_NAME = "$(TARGET_NAME)";
				WRAPPER_EXTENSION = app;
			};
			name = Release;
		};
		66FD68E319801AD5009A3AF9 /* Debug */ = {
			isa = XCBuildConfiguration;
			buildSettings = {
				BUNDLE_LOADER = "$(BUILT_PRODUCTS_DIR)/AutoLayout 2.0.app/AutoLayout 2.0";
				FRAMEWORK_SEARCH_PATHS = (
					"$(SDKROOT)/Developer/Library/Frameworks",
					"$(inherited)",
					"$(DEVELOPER_FRAMEWORKS_DIR)",
				);
				GCC_PRECOMPILE_PREFIX_HEADER = YES;
				GCC_PREFIX_HEADER = "AutoLayout 2.0/AutoLayout 2.0-Prefix.pch";
				GCC_PREPROCESSOR_DEFINITIONS = (
					"DEBUG=1",
					"$(inherited)",
				);
				INFOPLIST_FILE = "AutoLayout 2.0Tests/AutoLayout 2.0Tests-Info.plist";
				PRODUCT_NAME = "$(TARGET_NAME)";
				TEST_HOST = "$(BUNDLE_LOADER)";
				WRAPPER_EXTENSION = xctest;
			};
			name = Debug;
		};
		66FD68E419801AD5009A3AF9 /* Release */ = {
			isa = XCBuildConfiguration;
			buildSettings = {
				BUNDLE_LOADER = "$(BUILT_PRODUCTS_DIR)/AutoLayout 2.0.app/AutoLayout 2.0";
				FRAMEWORK_SEARCH_PATHS = (
					"$(SDKROOT)/Developer/Library/Frameworks",
					"$(inherited)",
					"$(DEVELOPER_FRAMEWORKS_DIR)",
				);
				GCC_PRECOMPILE_PREFIX_HEADER = YES;
				GCC_PREFIX_HEADER = "AutoLayout 2.0/AutoLayout 2.0-Prefix.pch";
				INFOPLIST_FILE = "AutoLayout 2.0Tests/AutoLayout 2.0Tests-Info.plist";
				PRODUCT_NAME = "$(TARGET_NAME)";
				TEST_HOST = "$(BUNDLE_LOADER)";
				WRAPPER_EXTENSION = xctest;
			};
			name = Release;
		};
/* End XCBuildConfiguration section */

/* Begin XCConfigurationList section */
		66FD68A519801AD5009A3AF9 /* Build configuration list for PBXProject "AutoLayout 2.0" */ = {
			isa = XCConfigurationList;
			buildConfigurations = (
				66FD68DD19801AD5009A3AF9 /* Debug */,
				66FD68DE19801AD5009A3AF9 /* Release */,
			);
			defaultConfigurationIsVisible = 0;
			defaultConfigurationName = Release;
		};
		66FD68DF19801AD5009A3AF9 /* Build configuration list for PBXNativeTarget "AutoLayout 2.0" */ = {
			isa = XCConfigurationList;
			buildConfigurations = (
				66FD68E019801AD5009A3AF9 /* Debug */,
				66FD68E119801AD5009A3AF9 /* Release */,
			);
			defaultConfigurationIsVisible = 0;
			defaultConfigurationName = Release;
		};
		66FD68E219801AD5009A3AF9 /* Build configuration list for PBXNativeTarget "AutoLayout 2.0Tests" */ = {
			isa = XCConfigurationList;
			buildConfigurations = (
				66FD68E319801AD5009A3AF9 /* Debug */,
				66FD68E419801AD5009A3AF9 /* Release */,
			);
			defaultConfigurationIsVisible = 0;
			defaultConfigurationName = Release;
		};
/* End XCConfigurationList section */
	};
	rootObject = 66FD68A219801AD5009A3AF9 /* Project object */;
}
